
Microsoft Visual Studio Solution File, Format Version 11.00
# Visual Studio 2010
Project("{F184B08F-C81C-45F6-A57F-5ABD9991F28F}") = "XamlPhysics", "XamlPhysics.vbproj", "{2A44345A-DBDF-4992-B0B1-8408833DEE48}"
EndProject
Project("{FAE04EC0-301F-11D3-BF4B-00C04F79EFBC}") = "Farseer Physics 3.2 Silverlight", "Dependencies\FarseerPhysicsEngine\Farseer Physics 3.2 Silverlight.csproj", "{786DC838-D746-4107-93FF-19A902A78CFC}"
EndProject
Global
	GlobalSection(SolutionConfigurationPlatforms) = preSolution
		Debug|Any CPU = Debug|Any CPU
		Release|Any CPU = Release|Any CPU
	EndGlobalSection
	GlobalSection(ProjectConfigurationPlatforms) = postSolution
		{2A44345A-DBDF-4992-B0B1-8408833DEE48}.Debug|Any CPU.ActiveCfg = Debug|Any CPU
		{2A44345A-DBDF-4992-B0B1-8408833DEE48}.Debug|Any CPU.Build.0 = Debug|Any CPU
		{2A44345A-DBDF-4992-B0B1-8408833DEE48}.Release|Any CPU.ActiveCfg = Release|Any CPU
		{2A44345A-DBDF-4992-B0B1-8408833DEE48}.Release|Any CPU.Build.0 = Release|Any CPU
		{786DC838-D746-4107-93FF-19A902A78CFC}.Debug|Any CPU.ActiveCfg = Debug|Any CPU
		{786DC838-D746-4107-93FF-19A902A78CFC}.Debug|Any CPU.Build.0 = Debug|Any CPU
		{786DC838-D746-4107-93FF-19A902A78CFC}.Release|Any CPU.ActiveCfg = Release|Any CPU
		{786DC838-D746-4107-93FF-19A902A78CFC}.Release|Any CPU.Build.0 = Release|Any CPU
	EndGlobalSection
	GlobalSection(SolutionProperties) = preSolution
		HideSolutionNode = FALSE
	EndGlobalSection
EndGlobal
